// !$*UTF8*$!
{
	archiveVersion = 1;
	classes = {
	};
	objectVersion = 46;
	objects = {

/* Begin PBXBuildFile section */
		83390AEA1EF0E733006C1BE8 /* main.m in Sources */ = {isa = PBXBuildFile; fileRef = 83390AE91EF0E733006C1BE8 /* main.m */; };
		83390AED1EF0E733006C1BE8 /* AppDelegate.m in Sources */ = {isa = PBXBuildFile; fileRef = 83390AEC1EF0E733006C1BE8 /* AppDelegate.m */; };
		83390AF01EF0E733006C1BE8 /* ViewController.m in Sources */ = {isa = PBXBuildFile; fileRef = 83390AEF1EF0E733006C1BE8 /* ViewController.m */; };
		83390AF31EF0E733006C1BE8 /* Main.storyboard in Resources */ = {isa = PBXBuildFile; fileRef = 83390AF11EF0E733006C1BE8 /* Main.storyboard */; };
		83390AF51EF0E733006C1BE8 /* Assets.xcassets in Resources */ = {isa = PBXBuildFile; fileRef = 83390AF41EF0E733006C1BE8 /* Assets.xcassets */; };
		83390AF81EF0E733006C1BE8 /* LaunchScreen.storyboard in Resources */ = {isa = PBXBuildFile; fileRef = 83390AF61EF0E733006C1BE8 /* LaunchScreen.storyboard */; };
		83390B031EF0E734006C1BE8 /* SceneKit_03Tests.m in Sources */ = {isa = PBXBuildFile; fileRef = 83390B021EF0E734006C1BE8 /* SceneKit_03Tests.m */; };
		83390B0E1EF0E734006C1BE8 /* SceneKit_03UITests.m in Sources */ = {isa = PBXBuildFile; fileRef = 83390B0D1EF0E734006C1BE8 /* SceneKit_03UITests.m */; };
/* End PBXBuildFile section */

/* Begin PBXContainerItemProxy section */
		83390AFF1EF0E733006C1BE8 /* PBXContainerItemProxy */ = {
			isa = PBXContainerItemProxy;
			containerPortal = 83390ADD1EF0E733006C1BE8 /* Project object */;
			proxyType = 1;
			remoteGlobalIDString = 83390AE41EF0E733006C1BE8;
			remoteInfo = "SceneKit-03";
		};
		83390B0A1EF0E734006C1BE8 /* PBXContainerItemProxy */ = {
			isa = PBXContainerItemProxy;
			containerPortal = 83390ADD1EF0E733006C1BE8 /* Project object */;
			proxyType = 1;
			remoteGlobalIDString = 83390AE41EF0E733006C1BE8;
			remoteInfo = "SceneKit-03";
		};
/* End PBXContainerItemProxy section */

/* Begin PBXFileReference section */
		83390AE51EF0E733006C1BE8 /* SceneKit-03.app */ = {isa = PBXFileReference; explicitFileType = wrapper.application; includeInIndex = 0; path = "SceneKit-03.app"; sourceTree = BUILT_PRODUCTS_DIR; };
		83390AE91EF0E733006C1BE8 /* main.m */ = {isa = PBXFileReference; lastKnownFileType = sourcecode.c.objc; path = main.m; sourceTree = "<group>"; };
		83390AEB1EF0E733006C1BE8 /* AppDelegate.h */ = {isa = PBXFileReference; lastKnownFileType = sourcecode.c.h; path = AppDelegate.h; sourceTree = "<group>"; };
		83390AEC1EF0E733006C1BE8 /* AppDelegate.m */ = {isa = PBXFileReference; lastKnownFileType = sourcecode.c.objc; path = AppDelegate.m; sourceTree = "<group>"; };
		83390AEE1EF0E733006C1BE8 /* ViewController.h */ = {isa = PBXFileReference; lastKnownFileType = sourcecode.c.h; path = ViewController.h; sourceTree = "<group>"; };
		83390AEF1EF0E733006C1BE8 /* ViewController.m */ = {isa = PBXFileReference; lastKnownFileType = sourcecode.c.objc; path = ViewController.m; sourceTree = "<group>"; };
		83390AF21EF0E733006C1BE8 /* Base */ = {isa = PBXFileReference; lastKnownFileType = file.storyboard; name = Base; path = Base.lproj/Main.storyboard; sourceTree = "<group>"; };
		83390AF41EF0E733006C1BE8 /* Assets.xcassets */ = {isa = PBXFileReference; lastKnownFileType = folder.assetcatalog; path = Assets.xcassets; sourceTree = "<group>"; };
		83390AF71EF0E733006C1BE8 /* Base */ = {isa = PBXFileReference; lastKnownFileType = file.storyboard; name = Base; path = Base.lproj/LaunchScreen.storyboard; sourceTree = "<group>"; };
		83390AF91EF0E733006C1BE8 /* Info.plist */ = {isa = PBXFileReference; lastKnownFileType = text.plist.xml; path = Info.plist; sourceTree = "<group>"; };
		83390AFE1EF0E733006C1BE8 /* SceneKit-03Tests.xctest */ = {isa = PBXFileReference; explicitFileType = wrapper.cfbundle; includeInIndex = 0; path = "SceneKit-03Tests.xctest"; sourceTree = BUILT_PRODUCTS_DIR; };
		83390B021EF0E734006C1BE8 /* SceneKit_03Tests.m */ = {isa = PBXFileReference; lastKnownFileType = sourcecode.c.objc; path = SceneKit_03Tests.m; sourceTree = "<group>"; };
		83390B041EF0E734006C1BE8 /* Info.plist */ = {isa = PBXFileReference; lastKnownFileType = text.plist.xml; path = Info.plist; sourceTree = "<group>"; };
		83390B091EF0E734006C1BE8 /* SceneKit-03UITests.xctest */ = {isa = PBXFileReference; explicitFileType = wrapper.cfbundle; includeInIndex = 0; path = "SceneKit-03UITests.xctest"; sourceTree = BUILT_PRODUCTS_DIR; };
		83390B0D1EF0E734006C1BE8 /* SceneKit_03UITests.m */ = {isa = PBXFileReference; lastKnownFileType = sourcecode.c.objc; path = SceneKit_03UITests.m; sourceTree = "<group>"; };
		83390B0F1EF0E734006C1BE8 /* Info.plist */ = {isa = PBXFileReference; lastKnownFileType = text.plist.xml; path = Info.plist; sourceTree = "<group>"; };
/* End PBXFileReference section */

/* Begin PBXFrameworksBuildPhase section */
		83390AE21EF0E733006C1BE8 /* Frameworks */ = {
			isa = PBXFrameworksBuildPhase;
			buildActionMask = 2147483647;
			files = (
			);
			runOnlyForDeploymentPostprocessing = 0;
		};
		83390AFB1EF0E733006C1BE8 /* Frameworks */ = {
			isa = PBXFrameworksBuildPhase;
			buildActionMask = 2147483647;
			files = (
			);
			runOnlyForDeploymentPostprocessing = 0;
		};
		83390B061EF0E734006C1BE8 /* Frameworks */ = {
			isa = PBXFrameworksBuildPhase;
			buildActionMask = 2147483647;
			files = (
			);
			runOnlyForDeploymentPostprocessing = 0;
		};
/* End PBXFrameworksBuildPhase section */

/* Begin PBXGroup section */
		83390ADC1EF0E733006C1BE8 = {
			isa = PBXGroup;
			children = (
				83390AE71EF0E733006C1BE8 /* SceneKit-03 */,
				83390B011EF0E734006C1BE8 /* SceneKit-03Tests */,
				83390B0C1EF0E734006C1BE8 /* SceneKit-03UITests */,
				83390AE61EF0E733006C1BE8 /* Products */,
			);
			sourceTree = "<group>";
		};
		83390AE61EF0E733006C1BE8 /* Products */ = {
			isa = PBXGroup;
			children = (
				83390AE51EF0E733006C1BE8 /* SceneKit-03.app */,
				83390AFE1EF0E733006C1BE8 /* SceneKit-03Tests.xctest */,
				83390B091EF0E734006C1BE8 /* SceneKit-03UITests.xctest */,
			);
			name = Products;
			sourceTree = "<group>";
		};
		83390AE71EF0E733006C1BE8 /* SceneKit-03 */ = {
			isa = PBXGroup;
			children = (
				83390AEB1EF0E733006C1BE8 /* AppDelegate.h */,
				83390AEC1EF0E733006C1BE8 /* AppDelegate.m */,
				83390AEE1EF0E733006C1BE8 /* ViewController.h */,
				83390AEF1EF0E733006C1BE8 /* ViewController.m */,
				83390AF11EF0E733006C1BE8 /* Main.storyboard */,
				83390AF41EF0E733006C1BE8 /* Assets.xcassets */,
				83390AF61EF0E733006C1BE8 /* LaunchScreen.storyboard */,
				83390AF91EF0E733006C1BE8 /* Info.plist */,
				83390AE81EF0E733006C1BE8 /* Supporting Files */,
			);
			path = "SceneKit-03";
			sourceTree = "<group>";
		};
		83390AE81EF0E733006C1BE8 /* Supporting Files */ = {
			isa = PBXGroup;
			children = (
				83390AE91EF0E733006C1BE8 /* main.m */,
			);
			name = "Supporting Files";
			sourceTree = "<group>";
		};
		83390B011EF0E734006C1BE8 /* SceneKit-03Tests */ = {
			isa = PBXGroup;
			children = (
				83390B021EF0E734006C1BE8 /* SceneKit_03Tests.m */,
				83390B041EF0E734006C1BE8 /* Info.plist */,
			);
			path = "SceneKit-03Tests";
			sourceTree = "<group>";
		};
		83390B0C1EF0E734006C1BE8 /* SceneKit-03UITests */ = {
			isa = PBXGroup;
			children = (
				83390B0D1EF0E734006C1BE8 /* SceneKit_03UITests.m */,
				83390B0F1EF0E734006C1BE8 /* Info.plist */,
			);
			path = "SceneKit-03UITests";
			sourceTree = "<group>";
		};
/* End PBXGroup section */

/* Begin PBXNativeTarget section */
		83390AE41EF0E733006C1BE8 /* SceneKit-03 */ = {
			isa = PBXNativeTarget;
			buildConfigurationList = 83390B121EF0E734006C1BE8 /* Build configuration list for PBXNativeTarget "SceneKit-03" */;
			buildPhases = (
				83390AE11EF0E733006C1BE8 /* Sources */,
				83390AE21EF0E733006C1BE8 /* Frameworks */,
				83390AE31EF0E733006C1BE8 /* Resources */,
			);
			buildRules = (
			);
			dependencies = (
			);
			name = "SceneKit-03";
			productName = "SceneKit-03";
			productReference = 83390AE51EF0E733006C1BE8 /* SceneKit-03.app */;
			productType = "com.apple.product-type.application";
		};
		83390AFD1EF0E733006C1BE8 /* SceneKit-03Tests */ = {
			isa = PBXNativeTarget;
			buildConfigurationList = 83390B151EF0E734006C1BE8 /* Build configuration list for PBXNativeTarget "SceneKit-03Tests" */;
			buildPhases = (
				83390AFA1EF0E733006C1BE8 /* Sources */,
				83390AFB1EF0E733006C1BE8 /* Frameworks */,
				83390AFC1EF0E733006C1BE8 /* Resources */,
			);
			buildRules = (
			);
			dependencies = (
				83390B001EF0E733006C1BE8 /* PBXTargetDependency */,
			);
			name = "SceneKit-03Tests";
			productName = "SceneKit-03Tests";
			productReference = 83390AFE1EF0E733006C1BE8 /* SceneKit-03Tests.xctest */;
			productType = "com.apple.product-type.bundle.unit-test";
		};
		83390B081EF0E734006C1BE8 /* SceneKit-03UITests */ = {
			isa = PBXNativeTarget;
			buildConfigurationList = 83390B181EF0E734006C1BE8 /* Build configuration list for PBXNativeTarget "SceneKit-03UITests" */;
			buildPhases = (
				83390B051EF0E734006C1BE8 /* Sources */,
				83390B061EF0E734006C1BE8 /* Frameworks */,
				83390B071EF0E734006C1BE8 /* Resources */,
			);
			buildRules = (
			);
			dependencies = (
				83390B0B1EF0E734006C1BE8 /* PBXTargetDependency */,
			);
			name = "SceneKit-03UITests";
			productName = "SceneKit-03UITests";
			productReference = 83390B091EF0E734006C1BE8 /* SceneKit-03UITests.xctest */;
			productType = "com.apple.product-type.bundle.ui-testing";
		};
/* End PBXNativeTarget section */

/* Begin PBXProject section */
		83390ADD1EF0E733006C1BE8 /* Project object */ = {
			isa = PBXProject;
			attributes = {
				LastUpgradeCheck = 0830;
				ORGANIZATIONNAME = ShiWen;
				TargetAttributes = {
					83390AE41EF0E733006C1BE8 = {
						CreatedOnToolsVersion = 8.3.3;
						ProvisioningStyle = Automatic;
					};
					83390AFD1EF0E733006C1BE8 = {
						CreatedOnToolsVersion = 8.3.3;
						ProvisioningStyle = Automatic;
						TestTargetID = 83390AE41EF0E733006C1BE8;
					};
					83390B081EF0E734006C1BE8 = {
						CreatedOnToolsVersion = 8.3.3;
						ProvisioningStyle = Automatic;
						TestTargetID = 83390AE41EF0E733006C1BE8;
					};
				};
			};
			buildConfigurationList = 83390AE01EF0E733006C1BE8 /* Build configuration list for PBXProject "SceneKit-03" */;
			compatibilityVersion = "Xcode 3.2";
			developmentRegion = English;
			hasScannedForEncodings = 0;
			knownRegions = (
				en,
				Base,
			);
			mainGroup = 83390ADC1EF0E733006C1BE8;
			productRefGroup = 83390AE61EF0E733006C1BE8 /* Products */;
			projectDirPath = "";
			projectRoot = "";
			targets = (
				83390AE41EF0E733006C1BE8 /* SceneKit-03 */,
				83390AFD1EF0E733006C1BE8 /* SceneKit-03Tests */,
				83390B081EF0E734006C1BE8 /* SceneKit-03UITests */,
			);
		};
/* End PBXProject section */

/* Begin PBXResourcesBuildPhase section */
		83390AE31EF0E733006C1BE8 /* Resources */ = {
			isa = PBXResourcesBuildPhase;
			buildActionMask = 2147483647;
			files = (
				83390AF81EF0E733006C1BE8 /* LaunchScreen.storyboard in Resources */,
				83390AF51EF0E733006C1BE8 /* Assets.xcassets in Resources */,
				83390AF31EF0E733006C1BE8 /* Main.storyboard in Resources */,
			);
			runOnlyForDeploymentPostprocessing = 0;
		};
		83390AFC1EF0E733006C1BE8 /* Resources */ = {
			isa = PBXResourcesBuildPhase;
			buildActionMask = 2147483647;
			files = (
			);
			runOnlyForDeploymentPostprocessing = 0;
		};
		83390B071EF0E734006C1BE8 /* Resources */ = {
			isa = PBXResourcesBuildPhase;
			buildActionMask = 2147483647;
			files = (
			);
			runOnlyForDeploymentPostprocessing = 0;
		};
/* End PBXResourcesBuildPhase section */

/* Begin PBXSourcesBuildPhase section */
		83390AE11EF0E733006C1BE8 /* Sources */ = {
			isa = PBXSourcesBuildPhase;
			buildActionMask = 2147483647;
			files = (
				83390AF01EF0E733006C1BE8 /* ViewController.m in Sources */,
				83390AED1EF0E733006C1BE8 /* AppDelegate.m in Sources */,
				83390AEA1EF0E733006C1BE8 /* main.m in Sources */,
			);
			runOnlyForDeploymentPostprocessing = 0;
		};
		83390AFA1EF0E733006C1BE8 /* Sources */ = {
			isa = PBXSourcesBuildPhase;
			buildActionMask = 2147483647;
			files = (
				83390B031EF0E734006C1BE8 /* SceneKit_03Tests.m in Sources */,
			);
			runOnlyForDeploymentPostprocessing = 0;
		};
		83390B051EF0E734006C1BE8 /* Sources */ = {
			isa = PBXSourcesBuildPhase;
			buildActionMask = 2147483647;
			files = (
				83390B0E1EF0E734006C1BE8 /* SceneKit_03UITests.m in Sources */,
			);
			runOnlyForDeploymentPostprocessing = 0;
		};
/* End PBXSourcesBuildPhase section */

/* Begin PBXTargetDependency section */
		83390B001EF0E733006C1BE8 /* PBXTargetDependency */ = {
			isa = PBXTargetDependency;
			target = 83390AE41EF0E733006C1BE8 /* SceneKit-03 */;
			targetProxy = 83390AFF1EF0E733006C1BE8 /* PBXContainerItemProxy */;
		};
		83390B0B1EF0E734006C1BE8 /* PBXTargetDependency */ = {
			isa = PBXTargetDependency;
			target = 83390AE41EF0E733006C1BE8 /* SceneKit-03 */;
			targetProxy = 83390B0A1EF0E734006C1BE8 /* PBXContainerItemProxy */;
		};
/* End PBXTargetDependency section */

/* Begin PBXVariantGroup section */
		83390AF11EF0E733006C1BE8 /* Main.storyboard */ = {
			isa = PBXVariantGroup;
			children = (
				83390AF21EF0E733006C1BE8 /* Base */,
			);
			name = Main.storyboard;
			sourceTree = "<group>";
		};
		83390AF61EF0E733006C1BE8 /* LaunchScreen.storyboard */ = {
			isa = PBXVariantGroup;
			children = (
				83390AF71EF0E733006C1BE8 /* Base */,
			);
			name = LaunchScreen.storyboard;
			sourceTree = "<group>";
		};
/* End PBXVariantGroup section */

/* Begin XCBuildConfiguration section */
		83390B101EF0E734006C1BE8 /* Debug */ = {
			isa = XCBuildConfiguration;
			buildSettings = {
				ALWAYS_SEARCH_USER_PATHS = NO;
				CLANG_ANALYZER_NONNULL = YES;
				CLANG_ANALYZER_NUMBER_OBJECT_CONVERSION = YES_AGGRESSIVE;
				CLANG_CXX_LANGUAGE_STANDARD = "gnu++0x";
				CLANG_CXX_LIBRARY = "libc++";
				CLANG_ENABLE_MODULES = YES;
				CLANG_ENABLE_OBJC_ARC = YES;
				CLANG_WARN_BOOL_CONVERSION = YES;
				CLANG_WARN_CONSTANT_CONVERSION = YES;
				CLANG_WARN_DIRECT_OBJC_ISA_USAGE = YES_ERROR;
				CLANG_WARN_DOCUMENTATION_COMMENTS = YES;
				CLANG_WARN_EMPTY_BODY = YES;
				CLANG_WARN_ENUM_CONVERSION = YES;
				CLANG_WARN_INFINITE_RECURSION = YES;
				CLANG_WARN_INT_CONVERSION = YES;
				CLANG_WARN_OBJC_ROOT_CLASS = YES_ERROR;
				CLANG_WARN_SUSPICIOUS_MOVE = YES;
				CLANG_WARN_UNREACHABLE_CODE = YES;
				CLANG_WARN__DUPLICATE_METHOD_MATCH = YES;
				"CODE_SIGN_IDENTITY[sdk=iphoneos*]" = "iPhone Developer";
				COPY_PHASE_STRIP = NO;
				DEBUG_INFORMATION_FORMAT = dwarf;
				ENABLE_STRICT_OBJC_MSGSEND = YES;
				ENABLE_TESTABILITY = YES;
				GCC_C_LANGUAGE_STANDARD = gnu99;
				GCC_DYNAMIC_NO_PIC = NO;
				GCC_NO_COMMON_BLOCKS = YES;
				GCC_OPTIMIZATION_LEVEL = 0;
				GCC_PREPROCESSOR_DEFINITIONS = (
					"DEBUG=1",
					"$(inherited)",
				);
				GCC_WARN_64_TO_32_BIT_CONVERSION = YES;
				GCC_WARN_ABOUT_RETURN_TYPE = YES_ERROR;
				GCC_WARN_UNDECLARED_SELECTOR = YES;
				GCC_WARN_UNINITIALIZED_AUTOS = YES_AGGRESSIVE;
				GCC_WARN_UNUSED_FUNCTION = YES;
				GCC_WARN_UNUSED_VARIABLE = YES;
				IPHONEOS_DEPLOYMENT_TARGET = 10.3;
				MTL_ENABLE_DEBUG_INFO = YES;
				ONLY_ACTIVE_ARCH = YES;
				SDKROOT = iphoneos;
			};
			name = Debug;
		};
		83390B111EF0E734006C1BE8 /* Release */ = {
			isa = XCBuildConfiguration;
			buildSettings = {
				ALWAYS_SEARCH_USER_PATHS = NO;
				CLANG_ANALYZER_NONNULL = YES;
				CLANG_ANALYZER_NUMBER_OBJECT_CONVERSION = YES_AGGRESSIVE;
				CLANG_CXX_LANGUAGE_STANDARD = "gnu++0x";
				CLANG_CXX_LIBRARY = "libc++";
				CLANG_ENABLE_MODULES = YES;
				CLANG_ENABLE_OBJC_ARC = YES;
				CLANG_WARN_BOOL_CONVERSION = YES;
				CLANG_WARN_CONSTANT_CONVERSION = YES;
				CLANG_WARN_DIRECT_OBJC_ISA_USAGE = YES_ERROR;
				CLANG_WARN_DOCUMENTATION_COMMENTS = YES;
				CLANG_WARN_EMPTY_BODY = YES;
				CLANG_WARN_ENUM_CONVERSION = YES;
				CLANG_WARN_INFINITE_RECURSION = YES;
				CLANG_WARN_INT_CONVERSION = YES;
				CLANG_WARN_OBJC_ROOT_CLASS = YES_ERROR;
				CLANG_WARN_SUSPICIOUS_MOVE = YES;
				CLANG_WARN_UNREACHABLE_CODE = YES;
				CLANG_WARN__DUPLICATE_METHOD_MATCH = YES;
				"CODE_SIGN_IDENTITY[sdk=iphoneos*]" = "iPhone Developer";
				COPY_PHASE_STRIP = NO;
				DEBUG_INFORMATION_FORMAT = "dwarf-with-dsym";
				ENABLE_NS_ASSERTIONS = NO;
				ENABLE_STRICT_OBJC_MSGSEND = YES;
				GCC_C_LANGUAGE_STANDARD = gnu99;
				GCC_NO_COMMON_BLOCKS = YES;
				GCC_WARN_64_TO_32_BIT_CONVERSION = YES;
				GCC_WARN_ABOUT_RETURN_TYPE = YES_ERROR;
				GCC_WARN_UNDECLARED_SELECTOR = YES;
				GCC_WARN_UNINITIALIZED_AUTOS = YES_AGGRESSIVE;
				GCC_WARN_UNUSED_FUNCTION = YES;
				GCC_WARN_UNUSED_VARIABLE = YES;
				IPHONEOS_DEPLOYMENT_TARGET = 10.3;
				MTL_ENABLE_DEBUG_INFO = NO;
				SDKROOT = iphoneos;
				VALIDATE_PRODUCT = YES;
			};
			name = Release;
		};
		83390B131EF0E734006C1BE8 /* Debug */ = {
			isa = XCBuildConfiguration;
			buildSettings = {
				ASSETCATALOG_COMPILER_APPICON_NAME = AppIcon;
				INFOPLIST_FILE = "SceneKit-03/Info.plist";
				IPHONEOS_DEPLOYMENT_TARGET = 8.0;
				LD_RUNPATH_SEARCH_PATHS = "$(inherited) @executable_path/Frameworks";
				PRODUCT_BUNDLE_IDENTIFIER = "com.ShiWenChen.com.SceneKit-03";
				PRODUCT_NAME = "$(TARGET_NAME)";
			};
			name = Debug;
		};
		83390B141EF0E734006C1BE8 /* Release */ = {
			isa = XCBuildConfiguration;
			buildSettings = {
				ASSETCATALOG_COMPILER_APPICON_NAME = AppIcon;
				INFOPLIST_FILE = "SceneKit-03/Info.plist";
				IPHONEOS_DEPLOYMENT_TARGET = 8.0;
				LD_RUNPATH_SEARCH_PATHS = "$(inherited) @executable_path/Frameworks";
				PRODUCT_BUNDLE_IDENTIFIER = "com.ShiWenChen.com.SceneKit-03";
				PRODUCT_NAME = "$(TARGET_NAME)";
			};
			name = Release;
		};
		83390B161EF0E734006C1BE8 /* Debug */ = {
			isa = XCBuildConfiguration;
			buildSettings = {
				BUNDLE_LOADER = "$(TEST_HOST)";
				INFOPLIST_FILE = "SceneKit-03Tests/Info.plist";
				LD_RUNPATH_SEARCH_PATHS = "$(inherited) @executable_path/Frameworks @loader_path/Frameworks";
				PRODUCT_BUNDLE_IDENTIFIER = "com.ShiWenChen.com.SceneKit-03Tests";
				PRODUCT_NAME = "$(TARGET_NAME)";
				TEST_HOST = "$(BUILT_PRODUCTS_DIR)/SceneKit-03.app/SceneKit-03";
			};
			name = Debug;
		};
		83390B171EF0E734006C1BE8 /* Release */ = {
			isa = XCBuildConfiguration;
			buildSettings = {
				BUNDLE_LOADER = "$(TEST_HOST)";
				INFOPLIST_FILE = "SceneKit-03Tests/Info.plist";
				LD_RUNPATH_SEARCH_PATHS = "$(inherited) @executable_path/Frameworks @loader_path/Frameworks";
				PRODUCT_BUNDLE_IDENTIFIER = "com.ShiWenChen.com.SceneKit-03Tests";
				PRODUCT_NAME = "$(TARGET_NAME)";
				TEST_HOST = "$(BUILT_PRODUCTS_DIR)/SceneKit-03.app/SceneKit-03";
			};
			name = Release;
		};
		83390B191EF0E734006C1BE8 /* Debug */ = {
			isa = XCBuildConfiguration;
			buildSettings = {
				INFOPLIST_FILE = "SceneKit-03UITests/Info.plist";
				LD_RUNPATH_SEARCH_PATHS = "$(inherited) @executable_path/Frameworks @loader_path/Frameworks";
				PRODUCT_BUNDLE_IDENTIFIER = "com.ShiWenChen.com.SceneKit-03UITests";
				PRODUCT_NAME = "$(TARGET_NAME)";
				TEST_TARGET_NAME = "SceneKit-03";
			};
			name = Debug;
		};
		83390B1A1EF0E734006C1BE8 /* Release */ = {
			isa = XCBuildConfiguration;
			buildSettings = {
				INFOPLIST_FILE = "SceneKit-03UITests/Info.plist";
				LD_RUNPATH_SEARCH_PATHS = "$(inherited) @executable_path/Frameworks @loader_path/Frameworks";
				PRODUCT_BUNDLE_IDENTIFIER = "com.ShiWenChen.com.SceneKit-03UITests";
				PRODUCT_NAME = "$(TARGET_NAME)";
				TEST_TARGET_NAME = "SceneKit-03";
			};
			name = Release;
		};
/* End XCBuildConfiguration section */

/* Begin XCConfigurationList section */
		83390AE01EF0E733006C1BE8 /* Build configuration list for PBXProject "SceneKit-03" */ = {
			isa = XCConfigurationList;
			buildConfigurations = (
				83390B101EF0E734006C1BE8 /* Debug */,
				83390B111EF0E734006C1BE8 /* Release */,
			);
			defaultConfigurationIsVisible = 0;
			defaultConfigurationName = Release;
		};
		83390B121EF0E734006C1BE8 /* Build configuration list for PBXNativeTarget "SceneKit-03" */ = {
			isa = XCConfigurationList;
			buildConfigurations = (
				83390B131EF0E734006C1BE8 /* Debug */,
				83390B141EF0E734006C1BE8 /* Release */,
			);
			defaultConfigurationIsVisible = 0;
		};
		83390B151EF0E734006C1BE8 /* Build configuration list for PBXNativeTarget "SceneKit-03Tests" */ = {
			isa = XCConfigurationList;
			buildConfigurations = (
				83390B161EF0E734006C1BE8 /* Debug */,
				83390B171EF0E734006C1BE8 /* Release */,
			);
			defaultConfigurationIsVisible = 0;
		};
		83390B181EF0E734006C1BE8 /* Build configuration list for PBXNativeTarget "SceneKit-03UITests" */ = {
			isa = XCConfigurationList;
			buildConfigurations = (
				83390B191EF0E734006C1BE8 /* Debug */,
				83390B1A1EF0E734006C1BE8 /* Release */,
			);
			defaultConfigurationIsVisible = 0;
		};
/* End XCConfigurationList section */
	};
	rootObject = 83390ADD1EF0E733006C1BE8 /* Project object */;
}
